{
  "name": "threejsDemo",
  "lockfileVersion": 2,
  "requires": true,
  "packages": {
    "": {
      "dependencies": {
        "@mesh-3d/core": "^1.4.0",
        "@mesh-3d/engine-ui": "^1.1.4",
        "@mesh-3d/postprocess": "^1.0.4",
        "@mesh-3d/three": "^0.131.1232",
        "@mesh-3d/utils": "^1.0.8"
      }
    },
    "node_modules/@mesh-3d/cesium": {
      "version": "1.88.0",
      "resolved": "http://registry.mesh-3d.com/@mesh-3d/cesium/download/@mesh-3d/cesium-1.88.0.tgz",
      "integrity": "sha1-QYSiBDoYGl9NEn+nw4RUyESVg68=",
      "license": "Apache-2.0"
    },
    "node_modules/@mesh-3d/core": {
      "version": "1.4.0",
      "resolved": "http://registry.mesh-3d.com/@mesh-3d/core/download/@mesh-3d/core-1.4.0.tgz",
      "integrity": "sha1-fzYwY8q+gpEaQbeei4fridw10dI=",
      "license": "ISC",
      "dependencies": {
        "@mesh-3d/cesium": "^1.87.1",
        "@mesh-3d/three": "^0.131.1232"
      }
    },
    "node_modules/@mesh-3d/engine-ui": {
      "version": "1.1.4",
      "resolved": "http://registry.mesh-3d.com/@mesh-3d/engine-ui/download/@mesh-3d/engine-ui-1.1.4.tgz",
      "integrity": "sha1-zh8zTFsNmmkMNNf5zTKClF2wTP8=",
      "license": "ISC",
      "dependencies": {
        "@mesh-3d/utils": "^1.0.8"
      }
    },
    "node_modules/@mesh-3d/postprocess": {
      "version": "1.0.4",
      "resolved": "http://registry.mesh-3d.com/@mesh-3d/postprocess/download/@mesh-3d/postprocess-1.0.4.tgz",
      "integrity": "sha1-TXdt15xgWUJ8ywLikQLrIetblQc=",
      "license": "UNLICENSED",
      "dependencies": {
        "@mesh-3d/core": "^1.0.9",
        "@mesh-3d/utils": "^1.0.3"
      }
    },
    "node_modules/@mesh-3d/three": {
      "version": "0.131.1232",
      "resolved": "http://registry.mesh-3d.com/@mesh-3d/three/download/@mesh-3d/three-0.131.1232.tgz",
      "integrity": "sha1-/tw05lz2Wl7AkhPbHuwqujUGNAc=",
      "license": "MIT"
    },
    "node_modules/@mesh-3d/utils": {
      "version": "1.0.8",
      "resolved": "http://registry.mesh-3d.com/@mesh-3d/utils/download/@mesh-3d/utils-1.0.8.tgz",
      "integrity": "sha1-HEsDohUb5e+Z387GPK1KJaw4OWE=",
      "license": "UNLICENSED",
      "dependencies": {
        "base64-js": "^1.5.1",
        "csg": "^1.0.1"
      }
    },
    "node_modules/base64-js": {
      "version": "1.5.1",
      "resolved": "https://registry.npm.taobao.org/base64-js/download/base64-js-1.5.1.tgz",
      "integrity": "sha1-GxtEAWClv3rUC2UPCVljSBkDkwo="
    },
    "node_modules/csg": {
      "version": "1.0.1",
      "resolved": "https://registry.nlark.com/csg/download/csg-1.0.1.tgz",
      "integrity": "sha1-L8FViDIr6xKZKZ/6QBkGT4Fu1U8="
    }
  },
  "dependencies": {
    "@mesh-3d/cesium": {
      "version": "1.88.0",
      "resolved": "http://registry.mesh-3d.com/@mesh-3d/cesium/download/@mesh-3d/cesium-1.88.0.tgz",
      "integrity": "sha1-QYSiBDoYGl9NEn+nw4RUyESVg68="
    },
    "@mesh-3d/core": {
      "version": "1.4.0",
      "resolved": "http://registry.mesh-3d.com/@mesh-3d/core/download/@mesh-3d/core-1.4.0.tgz",
      "integrity": "sha1-fzYwY8q+gpEaQbeei4fridw10dI=",
      "requires": {
        "@mesh-3d/cesium": "^1.87.1",
        "@mesh-3d/three": "^0.131.1232"
      }
    },
    "@mesh-3d/engine-ui": {
      "version": "1.1.4",
      "resolved": "http://registry.mesh-3d.com/@mesh-3d/engine-ui/download/@mesh-3d/engine-ui-1.1.4.tgz",
      "integrity": "sha1-zh8zTFsNmmkMNNf5zTKClF2wTP8=",
      "requires": {
        "@mesh-3d/utils": "^1.0.8"
      }
    },
    "@mesh-3d/postprocess": {
      "version": "1.0.4",
      "resolved": "http://registry.mesh-3d.com/@mesh-3d/postprocess/download/@mesh-3d/postprocess-1.0.4.tgz",
      "integrity": "sha1-TXdt15xgWUJ8ywLikQLrIetblQc=",
      "requires": {
        "@mesh-3d/core": "^1.0.9",
        "@mesh-3d/utils": "^1.0.3"
      }
    },
    "@mesh-3d/three": {
      "version": "0.131.1232",
      "resolved": "http://registry.mesh-3d.com/@mesh-3d/three/download/@mesh-3d/three-0.131.1232.tgz",
      "integrity": "sha1-/tw05lz2Wl7AkhPbHuwqujUGNAc="
    },
    "@mesh-3d/utils": {
      "version": "1.0.8",
      "resolved": "http://registry.mesh-3d.com/@mesh-3d/utils/download/@mesh-3d/utils-1.0.8.tgz",
      "integrity": "sha1-HEsDohUb5e+Z387GPK1KJaw4OWE=",
      "requires": {
        "base64-js": "^1.5.1",
        "csg": "^1.0.1"
      }
    },
    "base64-js": {
      "version": "1.5.1",
      "resolved": "https://registry.npm.taobao.org/base64-js/download/base64-js-1.5.1.tgz",
      "integrity": "sha1-GxtEAWClv3rUC2UPCVljSBkDkwo="
    },
    "csg": {
      "version": "1.0.1",
      "resolved": "https://registry.nlark.com/csg/download/csg-1.0.1.tgz",
      "integrity": "sha1-L8FViDIr6xKZKZ/6QBkGT4Fu1U8="
    }
  }
}
